// !$*UTF8*$!
{
	archiveVersion = 1;
	classes = {
	};
	objectVersion = 50;
	objects = {

/* Begin PBXBuildFile section */
		10B10BBC254DDCFF00021530 /* BinaryClockApp.swift in Sources */ = {isa = PBXBuildFile; fileRef = 10B10BBB254DDCFF00021530 /* BinaryClockApp.swift */; };
		10B10BBE254DDCFF00021530 /* ContentView.swift in Sources */ = {isa = PBXBuildFile; fileRef = 10B10BBD254DDCFF00021530 /* ContentView.swift */; };
		10B10BC0254DDD0200021530 /* Assets.xcassets in Resources */ = {isa = PBXBuildFile; fileRef = 10B10BBF254DDD0200021530 /* Assets.xcassets */; };
		10B10BC3254DDD0200021530 /* Preview Assets.xcassets in Resources */ = {isa = PBXBuildFile; fileRef = 10B10BC2254DDD0200021530 /* Preview Assets.xcassets */; };
		10B10BD2254DDD3700021530 /* WidgetKit.framework in Frameworks */ = {isa = PBXBuildFile; fileRef = 10B10BD1254DDD3700021530 /* WidgetKit.framework */; };
		10B10BD4254DDD3700021530 /* SwiftUI.framework in Frameworks */ = {isa = PBXBuildFile; fileRef = 10B10BD3254DDD3700021530 /* SwiftUI.framework */; };
		10B10BD7254DDD3700021530 /* BinaryClockWidget.swift in Sources */ = {isa = PBXBuildFile; fileRef = 10B10BD6254DDD3700021530 /* BinaryClockWidget.swift */; };
		10B10BDA254DDD3900021530 /* Assets.xcassets in Resources */ = {isa = PBXBuildFile; fileRef = 10B10BD9254DDD3900021530 /* Assets.xcassets */; };
		10B10BDC254DDD3900021530 /* BinaryClockWidget.intentdefinition in Sources */ = {isa = PBXBuildFile; fileRef = 10B10BD8254DDD3700021530 /* BinaryClockWidget.intentdefinition */; };
		10B10BDD254DDD3900021530 /* BinaryClockWidget.intentdefinition in Sources */ = {isa = PBXBuildFile; fileRef = 10B10BD8254DDD3700021530 /* BinaryClockWidget.intentdefinition */; };
		10B10BE0254DDD3900021530 /* BinaryClockWidgetExtension.appex in Embed App Extensions */ = {isa = PBXBuildFile; fileRef = 10B10BCF254DDD3700021530 /* BinaryClockWidgetExtension.appex */; settings = {ATTRIBUTES = (RemoveHeadersOnCopy, ); }; };
		10B10BF2254DFD3400021530 /* DateTimeUtils.swift in Sources */ = {isa = PBXBuildFile; fileRef = 10B10BEC254DFAFE00021530 /* DateTimeUtils.swift */; };
/* End PBXBuildFile section */

/* Begin PBXContainerItemProxy section */
		10B10BDE254DDD3900021530 /* PBXContainerItemProxy */ = {
			isa = PBXContainerItemProxy;
			containerPortal = 10B10BB0254DDCFF00021530 /* Project object */;
			proxyType = 1;
			remoteGlobalIDString = 10B10BCE254DDD3700021530;
			remoteInfo = BinaryClockWidgetExtension;
		};
/* End PBXContainerItemProxy section */

/* Begin PBXCopyFilesBuildPhase section */
		10B10BE4254DDD3900021530 /* Embed App Extensions */ = {
			isa = PBXCopyFilesBuildPhase;
			buildActionMask = 2147483647;
			dstPath = "";
			dstSubfolderSpec = 13;
			files = (
				10B10BE0254DDD3900021530 /* BinaryClockWidgetExtension.appex in Embed App Extensions */,
			);
			name = "Embed App Extensions";
			runOnlyForDeploymentPostprocessing = 0;
		};
/* End PBXCopyFilesBuildPhase section */

/* Begin PBXFileReference section */
		10B10BB8254DDCFF00021530 /* BinaryClock.app */ = {isa = PBXFileReference; explicitFileType = wrapper.application; includeInIndex = 0; path = BinaryClock.app; sourceTree = BUILT_PRODUCTS_DIR; };
		10B10BBB254DDCFF00021530 /* BinaryClockApp.swift */ = {isa = PBXFileReference; lastKnownFileType = sourcecode.swift; path = BinaryClockApp.swift; sourceTree = "<group>"; };
		10B10BBD254DDCFF00021530 /* ContentView.swift */ = {isa = PBXFileReference; lastKnownFileType = sourcecode.swift; path = ContentView.swift; sourceTree = "<group>"; };
		10B10BBF254DDD0200021530 /* Assets.xcassets */ = {isa = PBXFileReference; lastKnownFileType = folder.assetcatalog; path = Assets.xcassets; sourceTree = "<group>"; };
		10B10BC2254DDD0200021530 /* Preview Assets.xcassets */ = {isa = PBXFileReference; lastKnownFileType = folder.assetcatalog; path = "Preview Assets.xcassets"; sourceTree = "<group>"; };
		10B10BC4254DDD0200021530 /* Info.plist */ = {isa = PBXFileReference; lastKnownFileType = text.plist.xml; path = Info.plist; sourceTree = "<group>"; };
		10B10BCF254DDD3700021530 /* BinaryClockWidgetExtension.appex */ = {isa = PBXFileReference; explicitFileType = "wrapper.app-extension"; includeInIndex = 0; path = BinaryClockWidgetExtension.appex; sourceTree = BUILT_PRODUCTS_DIR; };
		10B10BD1254DDD3700021530 /* WidgetKit.framework */ = {isa = PBXFileReference; lastKnownFileType = wrapper.framework; name = WidgetKit.framework; path = System/Library/Frameworks/WidgetKit.framework; sourceTree = SDKROOT; };
		10B10BD3254DDD3700021530 /* SwiftUI.framework */ = {isa = PBXFileReference; lastKnownFileType = wrapper.framework; name = SwiftUI.framework; path = System/Library/Frameworks/SwiftUI.framework; sourceTree = SDKROOT; };
		10B10BD6254DDD3700021530 /* BinaryClockWidget.swift */ = {isa = PBXFileReference; lastKnownFileType = sourcecode.swift; path = BinaryClockWidget.swift; sourceTree = "<group>"; };
		10B10BD8254DDD3700021530 /* BinaryClockWidget.intentdefinition */ = {isa = PBXFileReference; lastKnownFileType = file.intentdefinition; path = BinaryClockWidget.intentdefinition; sourceTree = "<group>"; };
		10B10BD9254DDD3900021530 /* Assets.xcassets */ = {isa = PBXFileReference; lastKnownFileType = folder.assetcatalog; path = Assets.xcassets; sourceTree = "<group>"; };
		10B10BDB254DDD3900021530 /* Info.plist */ = {isa = PBXFileReference; lastKnownFileType = text.plist.xml; path = Info.plist; sourceTree = "<group>"; };
		10B10BE7254DF69900021530 /* README.md */ = {isa = PBXFileReference; lastKnownFileType = net.daringfireball.markdown; path = README.md; sourceTree = "<group>"; };
		10B10BEC254DFAFE00021530 /* DateTimeUtils.swift */ = {isa = PBXFileReference; lastKnownFileType = sourcecode.swift; path = DateTimeUtils.swift; sourceTree = "<group>"; };
/* End PBXFileReference section */

/* Begin PBXFrameworksBuildPhase section */
		10B10BB5254DDCFF00021530 /* Frameworks */ = {
			isa = PBXFrameworksBuildPhase;
			buildActionMask = 2147483647;
			files = (
			);
			runOnlyForDeploymentPostprocessing = 0;
		};
		10B10BCC254DDD3700021530 /* Frameworks */ = {
			isa = PBXFrameworksBuildPhase;
			buildActionMask = 2147483647;
			files = (
				10B10BD4254DDD3700021530 /* SwiftUI.framework in Frameworks */,
				10B10BD2254DDD3700021530 /* WidgetKit.framework in Frameworks */,
			);
			runOnlyForDeploymentPostprocessing = 0;
		};
/* End PBXFrameworksBuildPhase section */

/* Begin PBXGroup section */
		10B10BAF254DDCFF00021530 = {
			isa = PBXGroup;
			children = (
				10B10BE7254DF69900021530 /* README.md */,
				10B10BBA254DDCFF00021530 /* BinaryClock */,
				10B10BD5254DDD3700021530 /* BinaryClockWidget */,
				10B10BD0254DDD3700021530 /* Frameworks */,
				10B10BB9254DDCFF00021530 /* Products */,
			);
			sourceTree = "<group>";
		};
		10B10BB9254DDCFF00021530 /* Products */ = {
			isa = PBXGroup;
			children = (
				10B10BB8254DDCFF00021530 /* BinaryClock.app */,
				10B10BCF254DDD3700021530 /* BinaryClockWidgetExtension.appex */,
			);
			name = Products;
			sourceTree = "<group>";
		};
		10B10BBA254DDCFF00021530 /* BinaryClock */ = {
			isa = PBXGroup;
			children = (
				10B10BBB254DDCFF00021530 /* BinaryClockApp.swift */,
				10B10BBD254DDCFF00021530 /* ContentView.swift */,
				10B10BBF254DDD0200021530 /* Assets.xcassets */,
				10B10BC4254DDD0200021530 /* Info.plist */,
				10B10BC1254DDD0200021530 /* Preview Content */,
			);
			path = BinaryClock;
			sourceTree = "<group>";
		};
		10B10BC1254DDD0200021530 /* Preview Content */ = {
			isa = PBXGroup;
			children = (
				10B10BC2254DDD0200021530 /* Preview Assets.xcassets */,
			);
			path = "Preview Content";
			sourceTree = "<group>";
		};
		10B10BD0254DDD3700021530 /* Frameworks */ = {
			isa = PBXGroup;
			children = (
				10B10BD1254DDD3700021530 /* WidgetKit.framework */,
				10B10BD3254DDD3700021530 /* SwiftUI.framework */,
			);
			name = Frameworks;
			sourceTree = "<group>";
		};
		10B10BD5254DDD3700021530 /* BinaryClockWidget */ = {
			isa = PBXGroup;
			children = (
				10B10BD6254DDD3700021530 /* BinaryClockWidget.swift */,
				10B10BEC254DFAFE00021530 /* DateTimeUtils.swift */,
				10B10BD8254DDD3700021530 /* BinaryClockWidget.intentdefinition */,
				10B10BD9254DDD3900021530 /* Assets.xcassets */,
				10B10BDB254DDD3900021530 /* Info.plist */,
			);
			path = BinaryClockWidget;
			sourceTree = "<group>";
		};
/* End PBXGroup section */

/* Begin PBXNativeTarget section */
		10B10BB7254DDCFF00021530 /* BinaryClock */ = {
			isa = PBXNativeTarget;
			buildConfigurationList = 10B10BC7254DDD0200021530 /* Build configuration list for PBXNativeTarget "BinaryClock" */;
			buildPhases = (
				10B10BB4254DDCFF00021530 /* Sources */,
				10B10BB5254DDCFF00021530 /* Frameworks */,
				10B10BB6254DDCFF00021530 /* Resources */,
				10B10BE4254DDD3900021530 /* Embed App Extensions */,
			);
			buildRules = (
			);
			dependencies = (
				10B10BDF254DDD3900021530 /* PBXTargetDependency */,
			);
			name = BinaryClock;
			productName = BinaryClock;
			productReference = 10B10BB8254DDCFF00021530 /* BinaryClock.app */;
			productType = "com.apple.product-type.application";
		};
		10B10BCE254DDD3700021530 /* BinaryClockWidgetExtension */ = {
			isa = PBXNativeTarget;
			buildConfigurationList = 10B10BE1254DDD3900021530 /* Build configuration list for PBXNativeTarget "BinaryClockWidgetExtension" */;
			buildPhases = (
				10B10BCB254DDD3700021530 /* Sources */,
				10B10BCC254DDD3700021530 /* Frameworks */,
				10B10BCD254DDD3700021530 /* Resources */,
			);
			buildRules = (
			);
			dependencies = (
			);
			name = BinaryClockWidgetExtension;
			productName = BinaryClockWidgetExtension;
			productReference = 10B10BCF254DDD3700021530 /* BinaryClockWidgetExtension.appex */;
			productType = "com.apple.product-type.app-extension";
		};
/* End PBXNativeTarget section */

/* Begin PBXProject section */
		10B10BB0254DDCFF00021530 /* Project object */ = {
			isa = PBXProject;
			attributes = {
				LastSwiftUpdateCheck = 1210;
				LastUpgradeCheck = 1210;
				TargetAttributes = {
					10B10BB7254DDCFF00021530 = {
						CreatedOnToolsVersion = 12.1;
					};
					10B10BCE254DDD3700021530 = {
						CreatedOnToolsVersion = 12.1;
					};
				};
			};
			buildConfigurationList = 10B10BB3254DDCFF00021530 /* Build configuration list for PBXProject "BinaryClock" */;
			compatibilityVersion = "Xcode 9.3";
			developmentRegion = en;
			hasScannedForEncodings = 0;
			knownRegions = (
				en,
				Base,
			);
			mainGroup = 10B10BAF254DDCFF00021530;
			productRefGroup = 10B10BB9254DDCFF00021530 /* Products */;
			projectDirPath = "";
			projectRoot = "";
			targets = (
				10B10BB7254DDCFF00021530 /* BinaryClock */,
				10B10BCE254DDD3700021530 /* BinaryClockWidgetExtension */,
			);
		};
/* End PBXProject section */

/* Begin PBXResourcesBuildPhase section */
		10B10BB6254DDCFF00021530 /* Resources */ = {
			isa = PBXResourcesBuildPhase;
			buildActionMask = 2147483647;
			files = (
				10B10BC3254DDD0200021530 /* Preview Assets.xcassets in Resources */,
				10B10BC0254DDD0200021530 /* Assets.xcassets in Resources */,
			);
			runOnlyForDeploymentPostprocessing = 0;
		};
		10B10BCD254DDD3700021530 /* Resources */ = {
			isa = PBXResourcesBuildPhase;
			buildActionMask = 2147483647;
			files = (
				10B10BDA254DDD3900021530 /* Assets.xcassets in Resources */,
			);
			runOnlyForDeploymentPostprocessing = 0;
		};
/* End PBXResourcesBuildPhase section */

/* Begin PBXSourcesBuildPhase section */
		10B10BB4254DDCFF00021530 /* Sources */ = {
			isa = PBXSourcesBuildPhase;
			buildActionMask = 2147483647;
			files = (
				10B10BBE254DDCFF00021530 /* ContentView.swift in Sources */,
				10B10BBC254DDCFF00021530 /* BinaryClockApp.swift in Sources */,
				10B10BDD254DDD3900021530 /* BinaryClockWidget.intentdefinition in Sources */,
			);
			runOnlyForDeploymentPostprocessing = 0;
		};
		10B10BCB254DDD3700021530 /* Sources */ = {
			isa = PBXSourcesBuildPhase;
			buildActionMask = 2147483647;
			files = (
				10B10BF2254DFD3400021530 /* DateTimeUtils.swift in Sources */,
				10B10BDC254DDD3900021530 /* BinaryClockWidget.intentdefinition in Sources */,
				10B10BD7254DDD3700021530 /* BinaryClockWidget.swift in Sources */,
			);
			runOnlyForDeploymentPostprocessing = 0;
		};
/* End PBXSourcesBuildPhase section */

/* Begin PBXTargetDependency section */
		10B10BDF254DDD3900021530 /* PBXTargetDependency */ = {
			isa = PBXTargetDependency;
			target = 10B10BCE254DDD3700021530 /* BinaryClockWidgetExtension */;
			targetProxy = 10B10BDE254DDD3900021530 /* PBXContainerItemProxy */;
		};
/* End PBXTargetDependency section */

/* Begin XCBuildConfiguration section */
		10B10BC5254DDD0200021530 /* Debug */ = {
			isa = XCBuildConfiguration;
			buildSettings = {
				ALWAYS_SEARCH_USER_PATHS = NO;
				CLANG_ANALYZER_NONNULL = YES;
				CLANG_ANALYZER_NUMBER_OBJECT_CONVERSION = YES_AGGRESSIVE;
				CLANG_CXX_LANGUAGE_STANDARD = "gnu++14";
				CLANG_CXX_LIBRARY = "libc++";
				CLANG_ENABLE_MODULES = YES;
				CLANG_ENABLE_OBJC_ARC = YES;
				CLANG_ENABLE_OBJC_WEAK = YES;
				CLANG_WARN_BLOCK_CAPTURE_AUTORELEASING = YES;
				CLANG_WARN_BOOL_CONVERSION = YES;
				CLANG_WARN_COMMA = YES;
				CLANG_WARN_CONSTANT_CONVERSION = YES;
				CLANG_WARN_DEPRECATED_OBJC_IMPLEMENTATIONS = YES;
				CLANG_WARN_DIRECT_OBJC_ISA_USAGE = YES_ERROR;
				CLANG_WARN_DOCUMENTATION_COMMENTS = YES;
				CLANG_WARN_EMPTY_BODY = YES;
				CLANG_WARN_ENUM_CONVERSION = YES;
				CLANG_WARN_INFINITE_RECURSION = YES;
				CLANG_WARN_INT_CONVERSION = YES;
				CLANG_WARN_NON_LITERAL_NULL_CONVERSION = YES;
				CLANG_WARN_OBJC_IMPLICIT_RETAIN_SELF = YES;
				CLANG_WARN_OBJC_LITERAL_CONVERSION = YES;
				CLANG_WARN_OBJC_ROOT_CLASS = YES_ERROR;
				CLANG_WARN_QUOTED_INCLUDE_IN_FRAMEWORK_HEADER = YES;
				CLANG_WARN_RANGE_LOOP_ANALYSIS = YES;
				CLANG_WARN_STRICT_PROTOTYPES = YES;
				CLANG_WARN_SUSPICIOUS_MOVE = YES;
				CLANG_WARN_UNGUARDED_AVAILABILITY = YES_AGGRESSIVE;
				CLANG_WARN_UNREACHABLE_CODE = YES;
				CLANG_WARN__DUPLICATE_METHOD_MATCH = YES;
				COPY_PHASE_STRIP = NO;
				DEBUG_INFORMATION_FORMAT = dwarf;
				ENABLE_STRICT_OBJC_MSGSEND = YES;
				ENABLE_TESTABILITY = YES;
				GCC_C_LANGUAGE_STANDARD = gnu11;
				GCC_DYNAMIC_NO_PIC = NO;
				GCC_NO_COMMON_BLOCKS = YES;
				GCC_OPTIMIZATION_LEVEL = 0;
				GCC_PREPROCESSOR_DEFINITIONS = (
					"DEBUG=1",
					"$(inherited)",
				);
				GCC_WARN_64_TO_32_BIT_CONVERSION = YES;
				GCC_WARN_ABOUT_RETURN_TYPE = YES_ERROR;
				GCC_WARN_UNDECLARED_SELECTOR = YES;
				GCC_WARN_UNINITIALIZED_AUTOS = YES_AGGRESSIVE;
				GCC_WARN_UNUSED_FUNCTION = YES;
				GCC_WARN_UNUSED_VARIABLE = YES;
				IPHONEOS_DEPLOYMENT_TARGET = 14.1;
				MTL_ENABLE_DEBUG_INFO = INCLUDE_SOURCE;
				MTL_FAST_MATH = YES;
				ONLY_ACTIVE_ARCH = YES;
				SDKROOT = iphoneos;
				SWIFT_ACTIVE_COMPILATION_CONDITIONS = DEBUG;
				SWIFT_OPTIMIZATION_LEVEL = "-Onone";
			};
			name = Debug;
		};
		10B10BC6254DDD0200021530 /* Release */ = {
			isa = XCBuildConfiguration;
			buildSettings = {
				ALWAYS_SEARCH_USER_PATHS = NO;
				CLANG_ANALYZER_NONNULL = YES;
				CLANG_ANALYZER_NUMBER_OBJECT_CONVERSION = YES_AGGRESSIVE;
				CLANG_CXX_LANGUAGE_STANDARD = "gnu++14";
				CLANG_CXX_LIBRARY = "libc++";
				CLANG_ENABLE_MODULES = YES;
				CLANG_ENABLE_OBJC_ARC = YES;
				CLANG_ENABLE_OBJC_WEAK = YES;
				CLANG_WARN_BLOCK_CAPTURE_AUTORELEASING = YES;
				CLANG_WARN_BOOL_CONVERSION = YES;
				CLANG_WARN_COMMA = YES;
				CLANG_WARN_CONSTANT_CONVERSION = YES;
				CLANG_WARN_DEPRECATED_OBJC_IMPLEMENTATIONS = YES;
				CLANG_WARN_DIRECT_OBJC_ISA_USAGE = YES_ERROR;
				CLANG_WARN_DOCUMENTATION_COMMENTS = YES;
				CLANG_WARN_EMPTY_BODY = YES;
				CLANG_WARN_ENUM_CONVERSION = YES;
				CLANG_WARN_INFINITE_RECURSION = YES;
				CLANG_WARN_INT_CONVERSION = YES;
				CLANG_WARN_NON_LITERAL_NULL_CONVERSION = YES;
				CLANG_WARN_OBJC_IMPLICIT_RETAIN_SELF = YES;
				CLANG_WARN_OBJC_LITERAL_CONVERSION = YES;
				CLANG_WARN_OBJC_ROOT_CLASS = YES_ERROR;
				CLANG_WARN_QUOTED_INCLUDE_IN_FRAMEWORK_HEADER = YES;
				CLANG_WARN_RANGE_LOOP_ANALYSIS = YES;
				CLANG_WARN_STRICT_PROTOTYPES = YES;
				CLANG_WARN_SUSPICIOUS_MOVE = YES;
				CLANG_WARN_UNGUARDED_AVAILABILITY = YES_AGGRESSIVE;
				CLANG_WARN_UNREACHABLE_CODE = YES;
				CLANG_WARN__DUPLICATE_METHOD_MATCH = YES;
				COPY_PHASE_STRIP = NO;
				DEBUG_INFORMATION_FORMAT = "dwarf-with-dsym";
				ENABLE_NS_ASSERTIONS = NO;
				ENABLE_STRICT_OBJC_MSGSEND = YES;
				GCC_C_LANGUAGE_STANDARD = gnu11;
				GCC_NO_COMMON_BLOCKS = YES;
				GCC_WARN_64_TO_32_BIT_CONVERSION = YES;
				GCC_WARN_ABOUT_RETURN_TYPE = YES_ERROR;
				GCC_WARN_UNDECLARED_SELECTOR = YES;
				GCC_WARN_UNINITIALIZED_AUTOS = YES_AGGRESSIVE;
				GCC_WARN_UNUSED_FUNCTION = YES;
				GCC_WARN_UNUSED_VARIABLE = YES;
				IPHONEOS_DEPLOYMENT_TARGET = 14.1;
				MTL_ENABLE_DEBUG_INFO = NO;
				MTL_FAST_MATH = YES;
				SDKROOT = iphoneos;
				SWIFT_COMPILATION_MODE = wholemodule;
				SWIFT_OPTIMIZATION_LEVEL = "-O";
				VALIDATE_PRODUCT = YES;
			};
			name = Release;
		};
		10B10BC8254DDD0200021530 /* Debug */ = {
			isa = XCBuildConfiguration;
			buildSettings = {
				ALWAYS_EMBED_SWIFT_STANDARD_LIBRARIES = YES;
				ASSETCATALOG_COMPILER_APPICON_NAME = AppIcon;
				ASSETCATALOG_COMPILER_GLOBAL_ACCENT_COLOR_NAME = AccentColor;
				CODE_SIGN_STYLE = Automatic;
				DEVELOPMENT_ASSET_PATHS = "\"BinaryClock/Preview Content\"";
				DEVELOPMENT_TEAM = M9X7PWFW8P;
				ENABLE_PREVIEWS = YES;
				INFOPLIST_FILE = BinaryClock/Info.plist;
				IPHONEOS_DEPLOYMENT_TARGET = 14.0;
				LD_RUNPATH_SEARCH_PATHS = (
					"$(inherited)",
					"@executable_path/Frameworks",
				);
				PRODUCT_BUNDLE_IDENTIFIER = com.shreyadahal.BinaryClock;
				PRODUCT_NAME = "$(TARGET_NAME)";
				SWIFT_VERSION = 5.0;
				TARGETED_DEVICE_FAMILY = "1,2";
			};
			name = Debug;
		};
		10B10BC9254DDD0200021530 /* Release */ = {
			isa = XCBuildConfiguration;
			buildSettings = {
				ALWAYS_EMBED_SWIFT_STANDARD_LIBRARIES = YES;
				ASSETCATALOG_COMPILER_APPICON_NAME = AppIcon;
				ASSETCATALOG_COMPILER_GLOBAL_ACCENT_COLOR_NAME = AccentColor;
				CODE_SIGN_STYLE = Automatic;
				DEVELOPMENT_ASSET_PATHS = "\"BinaryClock/Preview Content\"";
				DEVELOPMENT_TEAM = M9X7PWFW8P;
				ENABLE_PREVIEWS = YES;
				INFOPLIST_FILE = BinaryClock/Info.plist;
				IPHONEOS_DEPLOYMENT_TARGET = 14.0;
				LD_RUNPATH_SEARCH_PATHS = (
					"$(inherited)",
					"@executable_path/Frameworks",
				);
				PRODUCT_BUNDLE_IDENTIFIER = com.shreyadahal.BinaryClock;
				PRODUCT_NAME = "$(TARGET_NAME)";
				SWIFT_VERSION = 5.0;
				TARGETED_DEVICE_FAMILY = "1,2";
			};
			name = Release;
		};
		10B10BE2254DDD3900021530 /* Debug */ = {
			isa = XCBuildConfiguration;
			buildSettings = {
				ASSETCATALOG_COMPILER_GLOBAL_ACCENT_COLOR_NAME = AccentColor;
				ASSETCATALOG_COMPILER_WIDGET_BACKGROUND_COLOR_NAME = WidgetBackground;
				CODE_SIGN_STYLE = Automatic;
				DEVELOPMENT_TEAM = M9X7PWFW8P;
				INFOPLIST_FILE = BinaryClockWidget/Info.plist;
				LD_RUNPATH_SEARCH_PATHS = (
					"$(inherited)",
					"@executable_path/Frameworks",
					"@executable_path/../../Frameworks",
				);
				PRODUCT_BUNDLE_IDENTIFIER = com.shreyadahal.BinaryClock.BinaryClockWidget;
				PRODUCT_NAME = "$(TARGET_NAME)";
				SKIP_INSTALL = YES;
				SWIFT_VERSION = 5.0;
				TARGETED_DEVICE_FAMILY = "1,2";
			};
			name = Debug;
		};
		10B10BE3254DDD3900021530 /* Release */ = {
			isa = XCBuildConfiguration;
			buildSettings = {
				ASSETCATALOG_COMPILER_GLOBAL_ACCENT_COLOR_NAME = AccentColor;
				ASSETCATALOG_COMPILER_WIDGET_BACKGROUND_COLOR_NAME = WidgetBackground;
				CODE_SIGN_STYLE = Automatic;
				DEVELOPMENT_TEAM = M9X7PWFW8P;
				INFOPLIST_FILE = BinaryClockWidget/Info.plist;
				LD_RUNPATH_SEARCH_PATHS = (
					"$(inherited)",
					"@executable_path/Frameworks",
					"@executable_path/../../Frameworks",
				);
				PRODUCT_BUNDLE_IDENTIFIER = com.shreyadahal.BinaryClock.BinaryClockWidget;
				PRODUCT_NAME = "$(TARGET_NAME)";
				SKIP_INSTALL = YES;
				SWIFT_VERSION = 5.0;
				TARGETED_DEVICE_FAMILY = "1,2";
			};
			name = Release;
		};
/* End XCBuildConfiguration section */

/* Begin XCConfigurationList section */
		10B10BB3254DDCFF00021530 /* Build configuration list for PBXProject "BinaryClock" */ = {
			isa = XCConfigurationList;
			buildConfigurations = (
				10B10BC5254DDD0200021530 /* Debug */,
				10B10BC6254DDD0200021530 /* Release */,
			);
			defaultConfigurationIsVisible = 0;
			defaultConfigurationName = Release;
		};
		10B10BC7254DDD0200021530 /* Build configuration list for PBXNativeTarget "BinaryClock" */ = {
			isa = XCConfigurationList;
			buildConfigurations = (
				10B10BC8254DDD0200021530 /* Debug */,
				10B10BC9254DDD0200021530 /* Release */,
			);
			defaultConfigurationIsVisible = 0;
			defaultConfigurationName = Release;
		};
		10B10BE1254DDD3900021530 /* Build configuration list for PBXNativeTarget "BinaryClockWidgetExtension" */ = {
			isa = XCConfigurationList;
			buildConfigurations = (
				10B10BE2254DDD3900021530 /* Debug */,
				10B10BE3254DDD3900021530 /* Release */,
			);
			defaultConfigurationIsVisible = 0;
			defaultConfigurationName = Release;
		};
/* End XCConfigurationList section */
	};
	rootObject = 10B10BB0254DDCFF00021530 /* Project object */;
}
